// !$*UTF8*$!
{
	archiveVersion = 1;
	classes = {
	};
	objectVersion = 52;
	objects = {

/* Begin PBXBuildFile section */
		289BF47C26913E2900D7F504 /* AppDelegate.swift in Sources */ = {isa = PBXBuildFile; fileRef = 289BF47B26913E2900D7F504 /* AppDelegate.swift */; };
		289BF47E26913E2900D7F504 /* SceneDelegate.swift in Sources */ = {isa = PBXBuildFile; fileRef = 289BF47D26913E2900D7F504 /* SceneDelegate.swift */; };
		289BF48326913E2900D7F504 /* Main.storyboard in Resources */ = {isa = PBXBuildFile; fileRef = 289BF48126913E2900D7F504 /* Main.storyboard */; };
		289BF48526913E2900D7F504 /* Assets.xcassets in Resources */ = {isa = PBXBuildFile; fileRef = 289BF48426913E2900D7F504 /* Assets.xcassets */; };
		289BF48826913E2900D7F504 /* LaunchScreen.storyboard in Resources */ = {isa = PBXBuildFile; fileRef = 289BF48626913E2900D7F504 /* LaunchScreen.storyboard */; };
		289BF49326913E2A00D7F504 /* flixsterTests.swift in Sources */ = {isa = PBXBuildFile; fileRef = 289BF49226913E2A00D7F504 /* flixsterTests.swift */; };
		289BF49E26913E2A00D7F504 /* flixsterUITests.swift in Sources */ = {isa = PBXBuildFile; fileRef = 289BF49D26913E2A00D7F504 /* flixsterUITests.swift */; };
		289BF4B226913FDA00D7F504 /* MoviesViewController.swift in Sources */ = {isa = PBXBuildFile; fileRef = 289BF4B126913FDA00D7F504 /* MoviesViewController.swift */; };
		289BF4B7269225B600D7F504 /* MovieCell.swift in Sources */ = {isa = PBXBuildFile; fileRef = 289BF4B6269225B600D7F504 /* MovieCell.swift */; };
		289BF4BD269229B900D7F504 /* AlamofireImage in Frameworks */ = {isa = PBXBuildFile; productRef = 289BF4BC269229B900D7F504 /* AlamofireImage */; };
		28F33629269DDC7800B59D4A /* MovieDetailsViewController.swift in Sources */ = {isa = PBXBuildFile; fileRef = 28F33628269DDC7800B59D4A /* MovieDetailsViewController.swift */; };
		28F3362E26A0FB1F00B59D4A /* MovieGridViewController.swift in Sources */ = {isa = PBXBuildFile; fileRef = 28F3362D26A0FB1F00B59D4A /* MovieGridViewController.swift */; };
		28F3363326A0FE1000B59D4A /* MovieGridCell.swift in Sources */ = {isa = PBXBuildFile; fileRef = 28F3363226A0FE1000B59D4A /* MovieGridCell.swift */; };
		28F3363826A1075100B59D4A /* MovieDetailsGridViewController.swift in Sources */ = {isa = PBXBuildFile; fileRef = 28F3363726A1075100B59D4A /* MovieDetailsGridViewController.swift */; };
		28F3364026A2339B00B59D4A /* MovieTrailerViewController.swift in Sources */ = {isa = PBXBuildFile; fileRef = 28F3363F26A2339B00B59D4A /* MovieTrailerViewController.swift */; };
		28F3364D26A2374100B59D4A /* PosterImageView.swift in Sources */ = {isa = PBXBuildFile; fileRef = 28F3364C26A2374100B59D4A /* PosterImageView.swift */; };
		6D6118CCDE27E13020DE603B /* Pods_flixsterTests.framework in Frameworks */ = {isa = PBXBuildFile; fileRef = DAA0494D9333CC823F1BC1A9 /* Pods_flixsterTests.framework */; };
		76DCDD1AECC9CEBE29F1CBA4 /* Pods_flixster.framework in Frameworks */ = {isa = PBXBuildFile; fileRef = 7EB98D38D20139D2F08AE97B /* Pods_flixster.framework */; };
		E79D00B05D9ABDAB26F290D4 /* Pods_flixster_flixsterUITests.framework in Frameworks */ = {isa = PBXBuildFile; fileRef = C90725F730A3071EFE3C0952 /* Pods_flixster_flixsterUITests.framework */; };
/* End PBXBuildFile section */

/* Begin PBXContainerItemProxy section */
		289BF48F26913E2A00D7F504 /* PBXContainerItemProxy */ = {
			isa = PBXContainerItemProxy;
			containerPortal = 289BF47026913E2900D7F504 /* Project object */;
			proxyType = 1;
			remoteGlobalIDString = 289BF47726913E2900D7F504;
			remoteInfo = flixster;
		};
		289BF49A26913E2A00D7F504 /* PBXContainerItemProxy */ = {
			isa = PBXContainerItemProxy;
			containerPortal = 289BF47026913E2900D7F504 /* Project object */;
			proxyType = 1;
			remoteGlobalIDString = 289BF47726913E2900D7F504;
			remoteInfo = flixster;
		};
/* End PBXContainerItemProxy section */

/* Begin PBXFileReference section */
		1F522D22BCC8DD62B6A2CC56 /* Pods-flixsterTests.release.xcconfig */ = {isa = PBXFileReference; includeInIndex = 1; lastKnownFileType = text.xcconfig; name = "Pods-flixsterTests.release.xcconfig"; path = "Target Support Files/Pods-flixsterTests/Pods-flixsterTests.release.xcconfig"; sourceTree = "<group>"; };
		289BF47826913E2900D7F504 /* flixster.app */ = {isa = PBXFileReference; explicitFileType = wrapper.application; includeInIndex = 0; path = flixster.app; sourceTree = BUILT_PRODUCTS_DIR; };
		289BF47B26913E2900D7F504 /* AppDelegate.swift */ = {isa = PBXFileReference; lastKnownFileType = sourcecode.swift; path = AppDelegate.swift; sourceTree = "<group>"; };
		289BF47D26913E2900D7F504 /* SceneDelegate.swift */ = {isa = PBXFileReference; lastKnownFileType = sourcecode.swift; path = SceneDelegate.swift; sourceTree = "<group>"; };
		289BF48226913E2900D7F504 /* Base */ = {isa = PBXFileReference; lastKnownFileType = file.storyboard; name = Base; path = Base.lproj/Main.storyboard; sourceTree = "<group>"; };
		289BF48426913E2900D7F504 /* Assets.xcassets */ = {isa = PBXFileReference; lastKnownFileType = folder.assetcatalog; path = Assets.xcassets; sourceTree = "<group>"; };
		289BF48726913E2900D7F504 /* Base */ = {isa = PBXFileReference; lastKnownFileType = file.storyboard; name = Base; path = Base.lproj/LaunchScreen.storyboard; sourceTree = "<group>"; };
		289BF48926913E2900D7F504 /* Info.plist */ = {isa = PBXFileReference; lastKnownFileType = text.plist.xml; path = Info.plist; sourceTree = "<group>"; };
		289BF48E26913E2A00D7F504 /* flixsterTests.xctest */ = {isa = PBXFileReference; explicitFileType = wrapper.cfbundle; includeInIndex = 0; path = flixsterTests.xctest; sourceTree = BUILT_PRODUCTS_DIR; };
		289BF49226913E2A00D7F504 /* flixsterTests.swift */ = {isa = PBXFileReference; lastKnownFileType = sourcecode.swift; path = flixsterTests.swift; sourceTree = "<group>"; };
		289BF49426913E2A00D7F504 /* Info.plist */ = {isa = PBXFileReference; lastKnownFileType = text.plist.xml; path = Info.plist; sourceTree = "<group>"; };
		289BF49926913E2A00D7F504 /* flixsterUITests.xctest */ = {isa = PBXFileReference; explicitFileType = wrapper.cfbundle; includeInIndex = 0; path = flixsterUITests.xctest; sourceTree = BUILT_PRODUCTS_DIR; };
		289BF49D26913E2A00D7F504 /* flixsterUITests.swift */ = {isa = PBXFileReference; lastKnownFileType = sourcecode.swift; path = flixsterUITests.swift; sourceTree = "<group>"; };
		289BF49F26913E2A00D7F504 /* Info.plist */ = {isa = PBXFileReference; lastKnownFileType = text.plist.xml; path = Info.plist; sourceTree = "<group>"; };
		289BF4B126913FDA00D7F504 /* MoviesViewController.swift */ = {isa = PBXFileReference; lastKnownFileType = sourcecode.swift; path = MoviesViewController.swift; sourceTree = "<group>"; };
		289BF4B6269225B600D7F504 /* MovieCell.swift */ = {isa = PBXFileReference; lastKnownFileType = sourcecode.swift; path = MovieCell.swift; sourceTree = "<group>"; };
		28F33628269DDC7800B59D4A /* MovieDetailsViewController.swift */ = {isa = PBXFileReference; lastKnownFileType = sourcecode.swift; path = MovieDetailsViewController.swift; sourceTree = "<group>"; };
		28F3362D26A0FB1F00B59D4A /* MovieGridViewController.swift */ = {isa = PBXFileReference; lastKnownFileType = sourcecode.swift; path = MovieGridViewController.swift; sourceTree = "<group>"; };
		28F3363226A0FE1000B59D4A /* MovieGridCell.swift */ = {isa = PBXFileReference; lastKnownFileType = sourcecode.swift; path = MovieGridCell.swift; sourceTree = "<group>"; };
		28F3363726A1075100B59D4A /* MovieDetailsGridViewController.swift */ = {isa = PBXFileReference; lastKnownFileType = sourcecode.swift; path = MovieDetailsGridViewController.swift; sourceTree = "<group>"; };
		28F3363F26A2339B00B59D4A /* MovieTrailerViewController.swift */ = {isa = PBXFileReference; lastKnownFileType = sourcecode.swift; path = MovieTrailerViewController.swift; sourceTree = "<group>"; };
		28F3364C26A2374100B59D4A /* PosterImageView.swift */ = {isa = PBXFileReference; lastKnownFileType = sourcecode.swift; path = PosterImageView.swift; sourceTree = "<group>"; };
		4834C5B652F251925C114E25 /* Pods-flixsterTests.debug.xcconfig */ = {isa = PBXFileReference; includeInIndex = 1; lastKnownFileType = text.xcconfig; name = "Pods-flixsterTests.debug.xcconfig"; path = "Target Support Files/Pods-flixsterTests/Pods-flixsterTests.debug.xcconfig"; sourceTree = "<group>"; };
		7EB98D38D20139D2F08AE97B /* Pods_flixster.framework */ = {isa = PBXFileReference; explicitFileType = wrapper.framework; includeInIndex = 0; path = Pods_flixster.framework; sourceTree = BUILT_PRODUCTS_DIR; };
		84916EA5ADD1AD89165007C3 /* Pods-flixster-flixsterUITests.release.xcconfig */ = {isa = PBXFileReference; includeInIndex = 1; lastKnownFileType = text.xcconfig; name = "Pods-flixster-flixsterUITests.release.xcconfig"; path = "Target Support Files/Pods-flixster-flixsterUITests/Pods-flixster-flixsterUITests.release.xcconfig"; sourceTree = "<group>"; };
		8FE4DBD944CA51820BAD0E96 /* Pods-flixster.debug.xcconfig */ = {isa = PBXFileReference; includeInIndex = 1; lastKnownFileType = text.xcconfig; name = "Pods-flixster.debug.xcconfig"; path = "Target Support Files/Pods-flixster/Pods-flixster.debug.xcconfig"; sourceTree = "<group>"; };
		95D3359FD13A95A335DB2A3A /* Pods-flixster-flixsterUITests.debug.xcconfig */ = {isa = PBXFileReference; includeInIndex = 1; lastKnownFileType = text.xcconfig; name = "Pods-flixster-flixsterUITests.debug.xcconfig"; path = "Target Support Files/Pods-flixster-flixsterUITests/Pods-flixster-flixsterUITests.debug.xcconfig"; sourceTree = "<group>"; };
		C90725F730A3071EFE3C0952 /* Pods_flixster_flixsterUITests.framework */ = {isa = PBXFileReference; explicitFileType = wrapper.framework; includeInIndex = 0; path = Pods_flixster_flixsterUITests.framework; sourceTree = BUILT_PRODUCTS_DIR; };
		DAA0494D9333CC823F1BC1A9 /* Pods_flixsterTests.framework */ = {isa = PBXFileReference; explicitFileType = wrapper.framework; includeInIndex = 0; path = Pods_flixsterTests.framework; sourceTree = BUILT_PRODUCTS_DIR; };
		E62FDED0DF3BC8E94AFEFC05 /* Pods-flixster.release.xcconfig */ = {isa = PBXFileReference; includeInIndex = 1; lastKnownFileType = text.xcconfig; name = "Pods-flixster.release.xcconfig"; path = "Target Support Files/Pods-flixster/Pods-flixster.release.xcconfig"; sourceTree = "<group>"; };
/* End PBXFileReference section */

/* Begin PBXFrameworksBuildPhase section */
		289BF47526913E2900D7F504 /* Frameworks */ = {
			isa = PBXFrameworksBuildPhase;
			buildActionMask = 2147483647;
			files = (
				289BF4BD269229B900D7F504 /* AlamofireImage in Frameworks */,
				76DCDD1AECC9CEBE29F1CBA4 /* Pods_flixster.framework in Frameworks */,
			);
			runOnlyForDeploymentPostprocessing = 0;
		};
		289BF48B26913E2A00D7F504 /* Frameworks */ = {
			isa = PBXFrameworksBuildPhase;
			buildActionMask = 2147483647;
			files = (
				6D6118CCDE27E13020DE603B /* Pods_flixsterTests.framework in Frameworks */,
			);
			runOnlyForDeploymentPostprocessing = 0;
		};
		289BF49626913E2A00D7F504 /* Frameworks */ = {
			isa = PBXFrameworksBuildPhase;
			buildActionMask = 2147483647;
			files = (
				E79D00B05D9ABDAB26F290D4 /* Pods_flixster_flixsterUITests.framework in Frameworks */,
			);
			runOnlyForDeploymentPostprocessing = 0;
		};
/* End PBXFrameworksBuildPhase section */

/* Begin PBXGroup section */
		289BF46F26913E2900D7F504 = {
			isa = PBXGroup;
			children = (
				289BF47A26913E2900D7F504 /* flixster */,
				289BF49126913E2A00D7F504 /* flixsterTests */,
				289BF49C26913E2A00D7F504 /* flixsterUITests */,
				289BF47926913E2900D7F504 /* Products */,
				B7952FCA3D7E8266FA5E336E /* Pods */,
				D26052AAEB0F19CE79A87325 /* Frameworks */,
			);
			sourceTree = "<group>";
		};
		289BF47926913E2900D7F504 /* Products */ = {
			isa = PBXGroup;
			children = (
				289BF47826913E2900D7F504 /* flixster.app */,
				289BF48E26913E2A00D7F504 /* flixsterTests.xctest */,
				289BF49926913E2A00D7F504 /* flixsterUITests.xctest */,
			);
			name = Products;
			sourceTree = "<group>";
		};
		289BF47A26913E2900D7F504 /* flixster */ = {
			isa = PBXGroup;
			children = (
				289BF47B26913E2900D7F504 /* AppDelegate.swift */,
				289BF47D26913E2900D7F504 /* SceneDelegate.swift */,
				289BF48126913E2900D7F504 /* Main.storyboard */,
				289BF48426913E2900D7F504 /* Assets.xcassets */,
				289BF48626913E2900D7F504 /* LaunchScreen.storyboard */,
				289BF48926913E2900D7F504 /* Info.plist */,
				289BF4B126913FDA00D7F504 /* MoviesViewController.swift */,
				289BF4B6269225B600D7F504 /* MovieCell.swift */,
				28F33628269DDC7800B59D4A /* MovieDetailsViewController.swift */,
				28F3362D26A0FB1F00B59D4A /* MovieGridViewController.swift */,
				28F3363226A0FE1000B59D4A /* MovieGridCell.swift */,
				28F3363726A1075100B59D4A /* MovieDetailsGridViewController.swift */,
				28F3363F26A2339B00B59D4A /* MovieTrailerViewController.swift */,
				28F3364C26A2374100B59D4A /* PosterImageView.swift */,
			);
			path = flixster;
			sourceTree = "<group>";
		};
		289BF49126913E2A00D7F504 /* flixsterTests */ = {
			isa = PBXGroup;
			children = (
				289BF49226913E2A00D7F504 /* flixsterTests.swift */,
				289BF49426913E2A00D7F504 /* Info.plist */,
			);
			path = flixsterTests;
			sourceTree = "<group>";
		};
		289BF49C26913E2A00D7F504 /* flixsterUITests */ = {
			isa = PBXGroup;
			children = (
				289BF49D26913E2A00D7F504 /* flixsterUITests.swift */,
				289BF49F26913E2A00D7F504 /* Info.plist */,
			);
			path = flixsterUITests;
			sourceTree = "<group>";
		};
		B7952FCA3D7E8266FA5E336E /* Pods */ = {
			isa = PBXGroup;
			children = (
				8FE4DBD944CA51820BAD0E96 /* Pods-flixster.debug.xcconfig */,
				E62FDED0DF3BC8E94AFEFC05 /* Pods-flixster.release.xcconfig */,
				95D3359FD13A95A335DB2A3A /* Pods-flixster-flixsterUITests.debug.xcconfig */,
				84916EA5ADD1AD89165007C3 /* Pods-flixster-flixsterUITests.release.xcconfig */,
				4834C5B652F251925C114E25 /* Pods-flixsterTests.debug.xcconfig */,
				1F522D22BCC8DD62B6A2CC56 /* Pods-flixsterTests.release.xcconfig */,
			);
			path = Pods;
			sourceTree = "<group>";
		};
		D26052AAEB0F19CE79A87325 /* Frameworks */ = {
			isa = PBXGroup;
			children = (
				7EB98D38D20139D2F08AE97B /* Pods_flixster.framework */,
				C90725F730A3071EFE3C0952 /* Pods_flixster_flixsterUITests.framework */,
				DAA0494D9333CC823F1BC1A9 /* Pods_flixsterTests.framework */,
			);
			name = Frameworks;
			sourceTree = "<group>";
		};
/* End PBXGroup section */

/* Begin PBXNativeTarget section */
		289BF47726913E2900D7F504 /* flixster */ = {
			isa = PBXNativeTarget;
			buildConfigurationList = 289BF4A226913E2A00D7F504 /* Build configuration list for PBXNativeTarget "flixster" */;
			buildPhases = (
				4593BC34F289EC3BC2D0E494 /* [CP] Check Pods Manifest.lock */,
				289BF47426913E2900D7F504 /* Sources */,
				289BF47526913E2900D7F504 /* Frameworks */,
				289BF47626913E2900D7F504 /* Resources */,
				D765D74DD01981BDC1E5B6BA /* [CP] Embed Pods Frameworks */,
			);
			buildRules = (
			);
			dependencies = (
			);
			name = flixster;
			packageProductDependencies = (
				289BF4BC269229B900D7F504 /* AlamofireImage */,
			);
			productName = flixster;
			productReference = 289BF47826913E2900D7F504 /* flixster.app */;
			productType = "com.apple.product-type.application";
		};
		289BF48D26913E2A00D7F504 /* flixsterTests */ = {
			isa = PBXNativeTarget;
			buildConfigurationList = 289BF4A526913E2A00D7F504 /* Build configuration list for PBXNativeTarget "flixsterTests" */;
			buildPhases = (
				890778D19793E1B8E9BFE81D /* [CP] Check Pods Manifest.lock */,
				289BF48A26913E2A00D7F504 /* Sources */,
				289BF48B26913E2A00D7F504 /* Frameworks */,
				289BF48C26913E2A00D7F504 /* Resources */,
			);
			buildRules = (
			);
			dependencies = (
				289BF49026913E2A00D7F504 /* PBXTargetDependency */,
			);
			name = flixsterTests;
			productName = flixsterTests;
			productReference = 289BF48E26913E2A00D7F504 /* flixsterTests.xctest */;
			productType = "com.apple.product-type.bundle.unit-test";
		};
		289BF49826913E2A00D7F504 /* flixsterUITests */ = {
			isa = PBXNativeTarget;
			buildConfigurationList = 289BF4A826913E2A00D7F504 /* Build configuration list for PBXNativeTarget "flixsterUITests" */;
			buildPhases = (
				F197C0A29765A66C92A1CD3E /* [CP] Check Pods Manifest.lock */,
				289BF49526913E2A00D7F504 /* Sources */,
				289BF49626913E2A00D7F504 /* Frameworks */,
				289BF49726913E2A00D7F504 /* Resources */,
				DDF2A88563DEBE99CC7B7DAB /* [CP] Embed Pods Frameworks */,
			);
			buildRules = (
			);
			dependencies = (
				289BF49B26913E2A00D7F504 /* PBXTargetDependency */,
			);
			name = flixsterUITests;
			productName = flixsterUITests;
			productReference = 289BF49926913E2A00D7F504 /* flixsterUITests.xctest */;
			productType = "com.apple.product-type.bundle.ui-testing";
		};
/* End PBXNativeTarget section */

/* Begin PBXProject section */
		289BF47026913E2900D7F504 /* Project object */ = {
			isa = PBXProject;
			attributes = {
				LastSwiftUpdateCheck = 1230;
				LastUpgradeCheck = 1230;
				TargetAttributes = {
					289BF47726913E2900D7F504 = {
						CreatedOnToolsVersion = 12.3;
					};
					289BF48D26913E2A00D7F504 = {
						CreatedOnToolsVersion = 12.3;
						TestTargetID = 289BF47726913E2900D7F504;
					};
					289BF49826913E2A00D7F504 = {
						CreatedOnToolsVersion = 12.3;
						TestTargetID = 289BF47726913E2900D7F504;
					};
				};
			};
			buildConfigurationList = 289BF47326913E2900D7F504 /* Build configuration list for PBXProject "flixster" */;
			compatibilityVersion = "Xcode 9.3";
			developmentRegion = en;
			hasScannedForEncodings = 0;
			knownRegions = (
				en,
				Base,
			);
			mainGroup = 289BF46F26913E2900D7F504;
			packageReferences = (
				289BF4BB269229B900D7F504 /* XCRemoteSwiftPackageReference "AlamofireImage" */,
			);
			productRefGroup = 289BF47926913E2900D7F504 /* Products */;
			projectDirPath = "";
			projectRoot = "";
			targets = (
				289BF47726913E2900D7F504 /* flixster */,
				289BF48D26913E2A00D7F504 /* flixsterTests */,
				289BF49826913E2A00D7F504 /* flixsterUITests */,
			);
		};
/* End PBXProject section */

/* Begin PBXResourcesBuildPhase section */
		289BF47626913E2900D7F504 /* Resources */ = {
			isa = PBXResourcesBuildPhase;
			buildActionMask = 2147483647;
			files = (
				289BF48826913E2900D7F504 /* LaunchScreen.storyboard in Resources */,
				289BF48526913E2900D7F504 /* Assets.xcassets in Resources */,
				289BF48326913E2900D7F504 /* Main.storyboard in Resources */,
			);
			runOnlyForDeploymentPostprocessing = 0;
		};
		289BF48C26913E2A00D7F504 /* Resources */ = {
			isa = PBXResourcesBuildPhase;
			buildActionMask = 2147483647;
			files = (
			);
			runOnlyForDeploymentPostprocessing = 0;
		};
		289BF49726913E2A00D7F504 /* Resources */ = {
			isa = PBXResourcesBuildPhase;
			buildActionMask = 2147483647;
			files = (
			);
			runOnlyForDeploymentPostprocessing = 0;
		};
/* End PBXResourcesBuildPhase section */

/* Begin PBXShellScriptBuildPhase section */
		4593BC34F289EC3BC2D0E494 /* [CP] Check Pods Manifest.lock */ = {
			isa = PBXShellScriptBuildPhase;
			buildActionMask = 2147483647;
			files = (
			);
			inputFileListPaths = (
			);
			inputPaths = (
				"${PODS_PODFILE_DIR_PATH}/Podfile.lock",
				"${PODS_ROOT}/Manifest.lock",
			);
			name = "[CP] Check Pods Manifest.lock";
			outputFileListPaths = (
			);
			outputPaths = (
				"$(DERIVED_FILE_DIR)/Pods-flixster-checkManifestLockResult.txt",
			);
			runOnlyForDeploymentPostprocessing = 0;
			shellPath = /bin/sh;
			shellScript = "diff \"${PODS_PODFILE_DIR_PATH}/Podfile.lock\" \"${PODS_ROOT}/Manifest.lock\" > /dev/null\nif [ $? != 0 ] ; then\n    # print error to STDERR\n    echo \"error: The sandbox is not in sync with the Podfile.lock. Run 'pod install' or update your CocoaPods installation.\" >&2\n    exit 1\nfi\n# This output is used by Xcode 'outputs' to avoid re-running this script phase.\necho \"SUCCESS\" > \"${SCRIPT_OUTPUT_FILE_0}\"\n";
			showEnvVarsInLog = 0;
		};
		890778D19793E1B8E9BFE81D /* [CP] Check Pods Manifest.lock */ = {
			isa = PBXShellScriptBuildPhase;
			buildActionMask = 2147483647;
			files = (
			);
			inputFileListPaths = (
			);
			inputPaths = (
				"${PODS_PODFILE_DIR_PATH}/Podfile.lock",
				"${PODS_ROOT}/Manifest.lock",
			);
			name = "[CP] Check Pods Manifest.lock";
			outputFileListPaths = (
			);
			outputPaths = (
				"$(DERIVED_FILE_DIR)/Pods-flixsterTests-checkManifestLockResult.txt",
			);
			runOnlyForDeploymentPostprocessing = 0;
			shellPath = /bin/sh;
			shellScript = "diff \"${PODS_PODFILE_DIR_PATH}/Podfile.lock\" \"${PODS_ROOT}/Manifest.lock\" > /dev/null\nif [ $? != 0 ] ; then\n    # print error to STDERR\n    echo \"error: The sandbox is not in sync with the Podfile.lock. Run 'pod install' or update your CocoaPods installation.\" >&2\n    exit 1\nfi\n# This output is used by Xcode 'outputs' to avoid re-running this script phase.\necho \"SUCCESS\" > \"${SCRIPT_OUTPUT_FILE_0}\"\n";
			showEnvVarsInLog = 0;
		};
		D765D74DD01981BDC1E5B6BA /* [CP] Embed Pods Frameworks */ = {
			isa = PBXShellScriptBuildPhase;
			buildActionMask = 2147483647;
			files = (
			);
			inputFileListPaths = (
				"${PODS_ROOT}/Target Support Files/Pods-flixster/Pods-flixster-frameworks-${CONFIGURATION}-input-files.xcfilelist",
			);
			name = "[CP] Embed Pods Frameworks";
			outputFileListPaths = (
				"${PODS_ROOT}/Target Support Files/Pods-flixster/Pods-flixster-frameworks-${CONFIGURATION}-output-files.xcfilelist",
			);
			runOnlyForDeploymentPostprocessing = 0;
			shellPath = /bin/sh;
			shellScript = "\"${PODS_ROOT}/Target Support Files/Pods-flixster/Pods-flixster-frameworks.sh\"\n";
			showEnvVarsInLog = 0;
		};
		DDF2A88563DEBE99CC7B7DAB /* [CP] Embed Pods Frameworks */ = {
			isa = PBXShellScriptBuildPhase;
			buildActionMask = 2147483647;
			files = (
			);
			inputFileListPaths = (
				"${PODS_ROOT}/Target Support Files/Pods-flixster-flixsterUITests/Pods-flixster-flixsterUITests-frameworks-${CONFIGURATION}-input-files.xcfilelist",
			);
			name = "[CP] Embed Pods Frameworks";
			outputFileListPaths = (
				"${PODS_ROOT}/Target Support Files/Pods-flixster-flixsterUITests/Pods-flixster-flixsterUITests-frameworks-${CONFIGURATION}-output-files.xcfilelist",
			);
			runOnlyForDeploymentPostprocessing = 0;
			shellPath = /bin/sh;
			shellScript = "\"${PODS_ROOT}/Target Support Files/Pods-flixster-flixsterUITests/Pods-flixster-flixsterUITests-frameworks.sh\"\n";
			showEnvVarsInLog = 0;
		};
		F197C0A29765A66C92A1CD3E /* [CP] Check Pods Manifest.lock */ = {
			isa = PBXShellScriptBuildPhase;
			buildActionMask = 2147483647;
			files = (
			);
			inputFileListPaths = (
			);
			inputPaths = (
				"${PODS_PODFILE_DIR_PATH}/Podfile.lock",
				"${PODS_ROOT}/Manifest.lock",
			);
			name = "[CP] Check Pods Manifest.lock";
			outputFileListPaths = (
			);
			outputPaths = (
				"$(DERIVED_FILE_DIR)/Pods-flixster-flixsterUITests-checkManifestLockResult.txt",
			);
			runOnlyForDeploymentPostprocessing = 0;
			shellPath = /bin/sh;
			shellScript = "diff \"${PODS_PODFILE_DIR_PATH}/Podfile.lock\" \"${PODS_ROOT}/Manifest.lock\" > /dev/null\nif [ $? != 0 ] ; then\n    # print error to STDERR\n    echo \"error: The sandbox is not in sync with the Podfile.lock. Run 'pod install' or update your CocoaPods installation.\" >&2\n    exit 1\nfi\n# This output is used by Xcode 'outputs' to avoid re-running this script phase.\necho \"SUCCESS\" > \"${SCRIPT_OUTPUT_FILE_0}\"\n";
			showEnvVarsInLog = 0;
		};
/* End PBXShellScriptBuildPhase section */

/* Begin PBXSourcesBuildPhase section */
		289BF47426913E2900D7F504 /* Sources */ = {
			isa = PBXSourcesBuildPhase;
			buildActionMask = 2147483647;
			files = (
				28F3364026A2339B00B59D4A /* MovieTrailerViewController.swift in Sources */,
				28F33629269DDC7800B59D4A /* MovieDetailsViewController.swift in Sources */,
				289BF47C26913E2900D7F504 /* AppDelegate.swift in Sources */,
				28F3363826A1075100B59D4A /* MovieDetailsGridViewController.swift in Sources */,
				289BF47E26913E2900D7F504 /* SceneDelegate.swift in Sources */,
				289BF4B7269225B600D7F504 /* MovieCell.swift in Sources */,
				289BF4B226913FDA00D7F504 /* MoviesViewController.swift in Sources */,
				28F3362E26A0FB1F00B59D4A /* MovieGridViewController.swift in Sources */,
				28F3363326A0FE1000B59D4A /* MovieGridCell.swift in Sources */,
				28F3364D26A2374100B59D4A /* PosterImageView.swift in Sources */,
			);
			runOnlyForDeploymentPostprocessing = 0;
		};
		289BF48A26913E2A00D7F504 /* Sources */ = {
			isa = PBXSourcesBuildPhase;
			buildActionMask = 2147483647;
			files = (
				289BF49326913E2A00D7F504 /* flixsterTests.swift in Sources */,
			);
			runOnlyForDeploymentPostprocessing = 0;
		};
		289BF49526913E2A00D7F504 /* Sources */ = {
			isa = PBXSourcesBuildPhase;
			buildActionMask = 2147483647;
			files = (
				289BF49E26913E2A00D7F504 /* flixsterUITests.swift in Sources */,
			);
			runOnlyForDeploymentPostprocessing = 0;
		};
/* End PBXSourcesBuildPhase section */

/* Begin PBXTargetDependency section */
		289BF49026913E2A00D7F504 /* PBXTargetDependency */ = {
			isa = PBXTargetDependency;
			target = 289BF47726913E2900D7F504 /* flixster */;
			targetProxy = 289BF48F26913E2A00D7F504 /* PBXContainerItemProxy */;
		};
		289BF49B26913E2A00D7F504 /* PBXTargetDependency */ = {
			isa = PBXTargetDependency;
			target = 289BF47726913E2900D7F504 /* flixster */;
			targetProxy = 289BF49A26913E2A00D7F504 /* PBXContainerItemProxy */;
		};
/* End PBXTargetDependency section */

/* Begin PBXVariantGroup section */
		289BF48126913E2900D7F504 /* Main.storyboard */ = {
			isa = PBXVariantGroup;
			children = (
				289BF48226913E2900D7F504 /* Base */,
			);
			name = Main.storyboard;
			sourceTree = "<group>";
		};
		289BF48626913E2900D7F504 /* LaunchScreen.storyboard */ = {
			isa = PBXVariantGroup;
			children = (
				289BF48726913E2900D7F504 /* Base */,
			);
			name = LaunchScreen.storyboard;
			sourceTree = "<group>";
		};
/* End PBXVariantGroup section */

/* Begin XCBuildConfiguration section */
		289BF4A026913E2A00D7F504 /* Debug */ = {
			isa = XCBuildConfiguration;
			buildSettings = {
				ALWAYS_SEARCH_USER_PATHS = NO;
				CLANG_ANALYZER_NONNULL = YES;
				CLANG_ANALYZER_NUMBER_OBJECT_CONVERSION = YES_AGGRESSIVE;
				CLANG_CXX_LANGUAGE_STANDARD = "gnu++14";
				CLANG_CXX_LIBRARY = "libc++";
				CLANG_ENABLE_MODULES = YES;
				CLANG_ENABLE_OBJC_ARC = YES;
				CLANG_ENABLE_OBJC_WEAK = YES;
				CLANG_WARN_BLOCK_CAPTURE_AUTORELEASING = YES;
				CLANG_WARN_BOOL_CONVERSION = YES;
				CLANG_WARN_COMMA = YES;
				CLANG_WARN_CONSTANT_CONVERSION = YES;
				CLANG_WARN_DEPRECATED_OBJC_IMPLEMENTATIONS = YES;
				CLANG_WARN_DIRECT_OBJC_ISA_USAGE = YES_ERROR;
				CLANG_WARN_DOCUMENTATION_COMMENTS = YES;
				CLANG_WARN_EMPTY_BODY = YES;
				CLANG_WARN_ENUM_CONVERSION = YES;
				CLANG_WARN_INFINITE_RECURSION = YES;
				CLANG_WARN_INT_CONVERSION = YES;
				CLANG_WARN_NON_LITERAL_NULL_CONVERSION = YES;
				CLANG_WARN_OBJC_IMPLICIT_RETAIN_SELF = YES;
				CLANG_WARN_OBJC_LITERAL_CONVERSION = YES;
				CLANG_WARN_OBJC_ROOT_CLASS = YES_ERROR;
				CLANG_WARN_QUOTED_INCLUDE_IN_FRAMEWORK_HEADER = YES;
				CLANG_WARN_RANGE_LOOP_ANALYSIS = YES;
				CLANG_WARN_STRICT_PROTOTYPES = YES;
				CLANG_WARN_SUSPICIOUS_MOVE = YES;
				CLANG_WARN_UNGUARDED_AVAILABILITY = YES_AGGRESSIVE;
				CLANG_WARN_UNREACHABLE_CODE = YES;
				CLANG_WARN__DUPLICATE_METHOD_MATCH = YES;
				COPY_PHASE_STRIP = NO;
				DEBUG_INFORMATION_FORMAT = dwarf;
				ENABLE_STRICT_OBJC_MSGSEND = YES;
				ENABLE_TESTABILITY = YES;
				GCC_C_LANGUAGE_STANDARD = gnu11;
				GCC_DYNAMIC_NO_PIC = NO;
				GCC_NO_COMMON_BLOCKS = YES;
				GCC_OPTIMIZATION_LEVEL = 0;
				GCC_PREPROCESSOR_DEFINITIONS = (
					"DEBUG=1",
					"$(inherited)",
				);
				GCC_WARN_64_TO_32_BIT_CONVERSION = YES;
				GCC_WARN_ABOUT_RETURN_TYPE = YES_ERROR;
				GCC_WARN_UNDECLARED_SELECTOR = YES;
				GCC_WARN_UNINITIALIZED_AUTOS = YES_AGGRESSIVE;
				GCC_WARN_UNUSED_FUNCTION = YES;
				GCC_WARN_UNUSED_VARIABLE = YES;
				IPHONEOS_DEPLOYMENT_TARGET = 14.3;
				MTL_ENABLE_DEBUG_INFO = INCLUDE_SOURCE;
				MTL_FAST_MATH = YES;
				ONLY_ACTIVE_ARCH = YES;
				SDKROOT = iphoneos;
				SWIFT_ACTIVE_COMPILATION_CONDITIONS = DEBUG;
				SWIFT_OPTIMIZATION_LEVEL = "-Onone";
			};
			name = Debug;
		};
		289BF4A126913E2A00D7F504 /* Release */ = {
			isa = XCBuildConfiguration;
			buildSettings = {
				ALWAYS_SEARCH_USER_PATHS = NO;
				CLANG_ANALYZER_NONNULL = YES;
				CLANG_ANALYZER_NUMBER_OBJECT_CONVERSION = YES_AGGRESSIVE;
				CLANG_CXX_LANGUAGE_STANDARD = "gnu++14";
				CLANG_CXX_LIBRARY = "libc++";
				CLANG_ENABLE_MODULES = YES;
				CLANG_ENABLE_OBJC_ARC = YES;
				CLANG_ENABLE_OBJC_WEAK = YES;
				CLANG_WARN_BLOCK_CAPTURE_AUTORELEASING = YES;
				CLANG_WARN_BOOL_CONVERSION = YES;
				CLANG_WARN_COMMA = YES;
				CLANG_WARN_CONSTANT_CONVERSION = YES;
				CLANG_WARN_DEPRECATED_OBJC_IMPLEMENTATIONS = YES;
				CLANG_WARN_DIRECT_OBJC_ISA_USAGE = YES_ERROR;
				CLANG_WARN_DOCUMENTATION_COMMENTS = YES;
				CLANG_WARN_EMPTY_BODY = YES;
				CLANG_WARN_ENUM_CONVERSION = YES;
				CLANG_WARN_INFINITE_RECURSION = YES;
				CLANG_WARN_INT_CONVERSION = YES;
				CLANG_WARN_NON_LITERAL_NULL_CONVERSION = YES;
				CLANG_WARN_OBJC_IMPLICIT_RETAIN_SELF = YES;
				CLANG_WARN_OBJC_LITERAL_CONVERSION = YES;
				CLANG_WARN_OBJC_ROOT_CLASS = YES_ERROR;
				CLANG_WARN_QUOTED_INCLUDE_IN_FRAMEWORK_HEADER = YES;
				CLANG_WARN_RANGE_LOOP_ANALYSIS = YES;
				CLANG_WARN_STRICT_PROTOTYPES = YES;
				CLANG_WARN_SUSPICIOUS_MOVE = YES;
				CLANG_WARN_UNGUARDED_AVAILABILITY = YES_AGGRESSIVE;
				CLANG_WARN_UNREACHABLE_CODE = YES;
				CLANG_WARN__DUPLICATE_METHOD_MATCH = YES;
				COPY_PHASE_STRIP = NO;
				DEBUG_INFORMATION_FORMAT = "dwarf-with-dsym";
				ENABLE_NS_ASSERTIONS = NO;
				ENABLE_STRICT_OBJC_MSGSEND = YES;
				GCC_C_LANGUAGE_STANDARD = gnu11;
				GCC_NO_COMMON_BLOCKS = YES;
				GCC_WARN_64_TO_32_BIT_CONVERSION = YES;
				GCC_WARN_ABOUT_RETURN_TYPE = YES_ERROR;
				GCC_WARN_UNDECLARED_SELECTOR = YES;
				GCC_WARN_UNINITIALIZED_AUTOS = YES_AGGRESSIVE;
				GCC_WARN_UNUSED_FUNCTION = YES;
				GCC_WARN_UNUSED_VARIABLE = YES;
				IPHONEOS_DEPLOYMENT_TARGET = 14.3;
				MTL_ENABLE_DEBUG_INFO = NO;
				MTL_FAST_MATH = YES;
				SDKROOT = iphoneos;
				SWIFT_COMPILATION_MODE = wholemodule;
				SWIFT_OPTIMIZATION_LEVEL = "-O";
				VALIDATE_PRODUCT = YES;
			};
			name = Release;
		};
		289BF4A326913E2A00D7F504 /* Debug */ = {
			isa = XCBuildConfiguration;
			baseConfigurationReference = 8FE4DBD944CA51820BAD0E96 /* Pods-flixster.debug.xcconfig */;
			buildSettings = {
				ASSETCATALOG_COMPILER_APPICON_NAME = AppIcon;
				ASSETCATALOG_COMPILER_GLOBAL_ACCENT_COLOR_NAME = AccentColor;
				CODE_SIGN_STYLE = Automatic;
				DEVELOPMENT_TEAM = ZW23S39DT8;
				INFOPLIST_FILE = flixster/Info.plist;
				LD_RUNPATH_SEARCH_PATHS = (
					"$(inherited)",
					"@executable_path/Frameworks",
				);
				PRODUCT_BUNDLE_IDENTIFIER = com.EfazAhmed.flixster;
				PRODUCT_NAME = "$(TARGET_NAME)";
				SWIFT_VERSION = 5.0;
				TARGETED_DEVICE_FAMILY = "1,2";
			};
			name = Debug;
		};
		289BF4A426913E2A00D7F504 /* Release */ = {
			isa = XCBuildConfiguration;
			baseConfigurationReference = E62FDED0DF3BC8E94AFEFC05 /* Pods-flixster.release.xcconfig */;
			buildSettings = {
				ASSETCATALOG_COMPILER_APPICON_NAME = AppIcon;
				ASSETCATALOG_COMPILER_GLOBAL_ACCENT_COLOR_NAME = AccentColor;
				CODE_SIGN_STYLE = Automatic;
				DEVELOPMENT_TEAM = ZW23S39DT8;
				INFOPLIST_FILE = flixster/Info.plist;
				LD_RUNPATH_SEARCH_PATHS = (
					"$(inherited)",
					"@executable_path/Frameworks",
				);
				PRODUCT_BUNDLE_IDENTIFIER = com.EfazAhmed.flixster;
				PRODUCT_NAME = "$(TARGET_NAME)";
				SWIFT_VERSION = 5.0;
				TARGETED_DEVICE_FAMILY = "1,2";
			};
			name = Release;
		};
		289BF4A626913E2A00D7F504 /* Debug */ = {
			isa = XCBuildConfiguration;
			baseConfigurationReference = 4834C5B652F251925C114E25 /* Pods-flixsterTests.debug.xcconfig */;
			buildSettings = {
				ALWAYS_EMBED_SWIFT_STANDARD_LIBRARIES = YES;
				BUNDLE_LOADER = "$(TEST_HOST)";
				CODE_SIGN_STYLE = Automatic;
				DEVELOPMENT_TEAM = ZW23S39DT8;
				INFOPLIST_FILE = flixsterTests/Info.plist;
				IPHONEOS_DEPLOYMENT_TARGET = 14.3;
				LD_RUNPATH_SEARCH_PATHS = (
					"$(inherited)",
					"@executable_path/Frameworks",
					"@loader_path/Frameworks",
				);
				PRODUCT_BUNDLE_IDENTIFIER = com.EfazAhmed.flixsterTests;
				PRODUCT_NAME = "$(TARGET_NAME)";
				SWIFT_VERSION = 5.0;
				TARGETED_DEVICE_FAMILY = "1,2";
				TEST_HOST = "$(BUILT_PRODUCTS_DIR)/flixster.app/flixster";
			};
			name = Debug;
		};
		289BF4A726913E2A00D7F504 /* Release */ = {
			isa = XCBuildConfiguration;
			baseConfigurationReference = 1F522D22BCC8DD62B6A2CC56 /* Pods-flixsterTests.release.xcconfig */;
			buildSettings = {
				ALWAYS_EMBED_SWIFT_STANDARD_LIBRARIES = YES;
				BUNDLE_LOADER = "$(TEST_HOST)";
				CODE_SIGN_STYLE = Automatic;
				DEVELOPMENT_TEAM = ZW23S39DT8;
				INFOPLIST_FILE = flixsterTests/Info.plist;
				IPHONEOS_DEPLOYMENT_TARGET = 14.3;
				LD_RUNPATH_SEARCH_PATHS = (
					"$(inherited)",
					"@executable_path/Frameworks",
					"@loader_path/Frameworks",
				);
				PRODUCT_BUNDLE_IDENTIFIER = com.EfazAhmed.flixsterTests;
				PRODUCT_NAME = "$(TARGET_NAME)";
				SWIFT_VERSION = 5.0;
				TARGETED_DEVICE_FAMILY = "1,2";
				TEST_HOST = "$(BUILT_PRODUCTS_DIR)/flixster.app/flixster";
			};
			name = Release;
		};
		289BF4A926913E2A00D7F504 /* Debug */ = {
			isa = XCBuildConfiguration;
			baseConfigurationReference = 95D3359FD13A95A335DB2A3A /* Pods-flixster-flixsterUITests.debug.xcconfig */;
			buildSettings = {
				ALWAYS_EMBED_SWIFT_STANDARD_LIBRARIES = YES;
				CODE_SIGN_STYLE = Automatic;
				DEVELOPMENT_TEAM = ZW23S39DT8;
				INFOPLIST_FILE = flixsterUITests/Info.plist;
				LD_RUNPATH_SEARCH_PATHS = (
					"$(inherited)",
					"@executable_path/Frameworks",
					"@loader_path/Frameworks",
				);
				PRODUCT_BUNDLE_IDENTIFIER = com.EfazAhmed.flixsterUITests;
				PRODUCT_NAME = "$(TARGET_NAME)";
				SWIFT_VERSION = 5.0;
				TARGETED_DEVICE_FAMILY = "1,2";
				TEST_TARGET_NAME = flixster;
			};
			name = Debug;
		};
		289BF4AA26913E2A00D7F504 /* Release */ = {
			isa = XCBuildConfiguration;
			baseConfigurationReference = 84916EA5ADD1AD89165007C3 /* Pods-flixster-flixsterUITests.release.xcconfig */;
			buildSettings = {
				ALWAYS_EMBED_SWIFT_STANDARD_LIBRARIES = YES;
				CODE_SIGN_STYLE = Automatic;
				DEVELOPMENT_TEAM = ZW23S39DT8;
				INFOPLIST_FILE = flixsterUITests/Info.plist;
				LD_RUNPATH_SEARCH_PATHS = (
					"$(inherited)",
					"@executable_path/Frameworks",
					"@loader_path/Frameworks",
				);
				PRODUCT_BUNDLE_IDENTIFIER = com.EfazAhmed.flixsterUITests;
				PRODUCT_NAME = "$(TARGET_NAME)";
				SWIFT_VERSION = 5.0;
				TARGETED_DEVICE_FAMILY = "1,2";
				TEST_TARGET_NAME = flixster;
			};
			name = Release;
		};
/* End XCBuildConfiguration section */

/* Begin XCConfigurationList section */
		289BF47326913E2900D7F504 /* Build configuration list for PBXProject "flixster" */ = {
			isa = XCConfigurationList;
			buildConfigurations = (
				289BF4A026913E2A00D7F504 /* Debug */,
				289BF4A126913E2A00D7F504 /* Release */,
			);
			defaultConfigurationIsVisible = 0;
			defaultConfigurationName = Release;
		};
		289BF4A226913E2A00D7F504 /* Build configuration list for PBXNativeTarget "flixster" */ = {
			isa = XCConfigurationList;
			buildConfigurations = (
				289BF4A326913E2A00D7F504 /* Debug */,
				289BF4A426913E2A00D7F504 /* Release */,
			);
			defaultConfigurationIsVisible = 0;
			defaultConfigurationName = Release;
		};
		289BF4A526913E2A00D7F504 /* Build configuration list for PBXNativeTarget "flixsterTests" */ = {
			isa = XCConfigurationList;
			buildConfigurations = (
				289BF4A626913E2A00D7F504 /* Debug */,
				289BF4A726913E2A00D7F504 /* Release */,
			);
			defaultConfigurationIsVisible = 0;
			defaultConfigurationName = Release;
		};
		289BF4A826913E2A00D7F504 /* Build configuration list for PBXNativeTarget "flixsterUITests" */ = {
			isa = XCConfigurationList;
			buildConfigurations = (
				289BF4A926913E2A00D7F504 /* Debug */,
				289BF4AA26913E2A00D7F504 /* Release */,
			);
			defaultConfigurationIsVisible = 0;
			defaultConfigurationName = Release;
		};
/* End XCConfigurationList section */

/* Begin XCRemoteSwiftPackageReference section */
		289BF4BB269229B900D7F504 /* XCRemoteSwiftPackageReference "AlamofireImage" */ = {
			isa = XCRemoteSwiftPackageReference;
			repositoryURL = "https://github.com/Alamofire/AlamofireImage";
			requirement = {
				kind = upToNextMajorVersion;
				minimumVersion = 4.2.0;
			};
		};
/* End XCRemoteSwiftPackageReference section */

/* Begin XCSwiftPackageProductDependency section */
		289BF4BC269229B900D7F504 /* AlamofireImage */ = {
			isa = XCSwiftPackageProductDependency;
			package = 289BF4BB269229B900D7F504 /* XCRemoteSwiftPackageReference "AlamofireImage" */;
			productName = AlamofireImage;
		};
/* End XCSwiftPackageProductDependency section */
	};
	rootObject = 289BF47026913E2900D7F504 /* Project object */;
}
